Microsoft Visual Studio Solution File, Format Version 12.00
# Visual Studio Version 17
VisualStudioVersion = 17.5.2.0
MinimumVisualStudioVersion = 10.0.40219.1
Project("{2150E333-8FDC-42A3-9474-1A3956D46DE8}") = "samples", "samples", "{5D20AA90-6969-D8BD-9DCD-8634F4692FDA}"
EndProject
Project("{2150E333-8FDC-42A3-9474-1A3956D46DE8}") = ".NET", ".NET", "{B9E9AE92-3FA0-A1B6-29AA-3922B29E0DCC}"
EndProject
Project("{FAE04EC0-301F-11D3-BF4B-00C04F79EFBC}") = "lib", "samples\.NET\lib\lib.csproj", "{50483CB3-B0E9-B0FB-4000-D1CF5824652C}"
EndProject
Project("{FAE04EC0-301F-11D3-BF4B-00C04F79EFBC}") = "PlaywrightTestsNUnit", "samples\.NET\NUnit\PlaywrightTestsNUnit.csproj", "{0BC30862-DFF5-EFF7-71C4-B0F2E53161EA}"
EndProject
Global
	GlobalSection(SolutionConfigurationPlatforms) = preSolution
		Debug|Any CPU = Debug|Any CPU
		Release|Any CPU = Release|Any CPU
	EndGlobalSection
	GlobalSection(ProjectConfigurationPlatforms) = postSolution
		{50483CB3-B0E9-B0FB-4000-D1CF5824652C}.Debug|Any CPU.ActiveCfg = Debug|Any CPU
		{50483CB3-B0E9-B0FB-4000-D1CF5824652C}.Debug|Any CPU.Build.0 = Debug|Any CPU
		{50483CB3-B0E9-B0FB-4000-D1CF5824652C}.Release|Any CPU.ActiveCfg = Release|Any CPU
		{50483CB3-B0E9-B0FB-4000-D1CF5824652C}.Release|Any CPU.Build.0 = Release|Any CPU
		{0BC30862-DFF5-EFF7-71C4-B0F2E53161EA}.Debug|Any CPU.ActiveCfg = Debug|Any CPU
		{0BC30862-DFF5-EFF7-71C4-B0F2E53161EA}.Debug|Any CPU.Build.0 = Debug|Any CPU
		{0BC30862-DFF5-EFF7-71C4-B0F2E53161EA}.Release|Any CPU.ActiveCfg = Release|Any CPU
		{0BC30862-DFF5-EFF7-71C4-B0F2E53161EA}.Release|Any CPU.Build.0 = Release|Any CPU
	EndGlobalSection
	GlobalSection(SolutionProperties) = preSolution
		HideSolutionNode = FALSE
	EndGlobalSection
	GlobalSection(NestedProjects) = preSolution
		{B9E9AE92-3FA0-A1B6-29AA-3922B29E0DCC} = {5D20AA90-6969-D8BD-9DCD-8634F4692FDA}
		{50483CB3-B0E9-B0FB-4000-D1CF5824652C} = {B9E9AE92-3FA0-A1B6-29AA-3922B29E0DCC}
		{0BC30862-DFF5-EFF7-71C4-B0F2E53161EA} = {B9E9AE92-3FA0-A1B6-29AA-3922B29E0DCC}
	EndGlobalSection
	GlobalSection(ExtensibilityGlobals) = postSolution
		SolutionGuid = {5EFFDB01-9AAE-4C29-83FF-D8CE7EF940D3}
	EndGlobalSection
EndGlobal
